# This file is automatically @generated by Cargo.
# It is not intended for manual editing.
version = 4

[[package]]
name = "bit_field"
version = "0.10.1"
source = "registry+https://github.com/rust-lang/crates.io-index"
checksum = "dcb6dd1c2376d2e096796e234a70e17e94cc2d5d54ff8ce42b28cef1d0d359a4"

[[package]]
name = "bitflags"
version = "1.2.1"
source = "registry+https://github.com/rust-lang/crates.io-index"
checksum = "cf1de2fe8c75bc145a2f577add951f8134889b4795d47466a54a5c846d691693"

[[package]]
name = "bitflags"
version = "2.13.1"
source = "registry+https://github.com/rust-lang/crates.io-index"
checksum = "b588b76d00fde79687d7646a9b5bdf3cc0f655e0bbd080335a95d7e96f3587da"

[[package]]
name = "bootloader"
version = "0.9.35"
dependencies = [
 "bit_field",
 "cfg-if",
 "fixedvec",
 "font8x8",
 "llvm-tools",
 "raw-cpuid",
 "spin",
 "toml",
 "uefi",
 "usize_conversions",
 "x86_64",
 "xmas-elf",
]

[[package]]
name = "cfg-if"
version = "1.0.4"
source = "registry+https://github.com/rust-lang/crates.io-index"
checksum = "9330f8b2ff13f34540b44e946ef35111825727b38d33286ef986142615121801"

[[package]]
name = "fixedvec"
version = "0.2.4"
source = "registry+https://github.com/rust-lang/crates.io-index"
checksum = "b395ef2adf62bdeefcd1b59ad0dd2225c6c333ec79656ea79ac5285c46d051ea"

[[package]]
name = "font8x8"
version = "0.2.5"
source = "registry+https://github.com/rust-lang/crates.io-index"
checksum = "44226c40489fb1d602344a1d8f1b544570c3435e396dda1eda7b5ef010d8f1be"

[[package]]
name = "llvm-tools"
version = "0.1.1"
source = "registry+https://github.com/rust-lang/crates.io-index"
checksum = "955be5d0ca0465caf127165acb47964f911e2bc26073e865deb8be7189302faf"

[[package]]
name = "lock_api"
version = "0.4.14"
source = "registry+https://github.com/rust-lang/crates.io-index"
checksum = "224399e74b87b5f3557511d98dff8b14089b3dadafcab6bb93eab67d3aace965"
dependencies = [
 "scopeguard",
]

[[package]]
name = "log"
version = "0.4.33"
source = "registry+https://github.com/rust-lang/crates.io-index"
checksum = "0ceec5bc11778974d1bcb055b18002eba7f4b3518b6a0081b3af5f21666da9ad"

[[package]]
name = "proc-macro2"
version = "1.0.107"
source = "registry+https://github.com/rust-lang/crates.io-index"
checksum = "985e7ec9bb745e6ce6535b544d84d6cd6f7ad8bd711c398938ae983b91a766d9"
dependencies = [
 "unicode-ident",
]

[[package]]
name = "ptr_meta"
version = "0.3.2"
source = "registry+https://github.com/rust-lang/crates.io-index"
checksum = "743da816b98c921cdbe8628ef7381b76f25ecf4da599fc80aca90eae7ef70cc0"
dependencies = [
 "ptr_meta_derive",
]

[[package]]
name = "ptr_meta_derive"
version = "0.3.2"
source = "registry+https://github.com/rust-lang/crates.io-index"
checksum = "1c8d9ca532f185d5d4db7a7c9d51420b452168ea1c2b913953281bd6fe1fcbd0"
dependencies = [
 "proc-macro2",
 "quote",
 "syn 3.0.3",
]

[[package]]
name = "quote"
version = "1.0.47"
source = "registry+https://github.com/rust-lang/crates.io-index"
checksum = "1fbf4db142a473a8d80c26bbf18454ed458bf8d26c8219c331daecfdbd079001"
dependencies = [
 "proc-macro2",
]

[[package]]
name = "raw-cpuid"
version = "11.6.0"
source = "registry+https://github.com/rust-lang/crates.io-index"
checksum = "498cd0dc59d73224351ee52a95fee0f1a617a2eae0e7d9d720cc622c73a54186"
dependencies = [
 "bitflags 2.13.1",
]

[[package]]
name = "scopeguard"
version = "1.2.0"
source = "registry+https://github.com/rust-lang/crates.io-index"
checksum = "94143f37725109f92c262ed2cf5e59bce7498c01bcc1502d7b9afe439a4e9f49"

[[package]]
name = "serde"
version = "1.0.116"
source = "registry+https://github.com/rust-lang/crates.io-index"
checksum = "96fe57af81d28386a513cbc6858332abc6117cfdb5999647c6444b8f43a370a5"

[[package]]
name = "spin"
version = "0.12.3"
source = "registry+https://github.com/rust-lang/crates.io-index"
checksum = "0134f9043ed38b087ac4f7d4af44c79e2c9e5094421fe3164f435ce585953b10"
dependencies = [
 "lock_api",
]

[[package]]
name = "syn"
version = "2.0.119"
source = "registry+https://github.com/rust-lang/crates.io-index"
checksum = "872831b642d1a07999a962a351ed35b955ea2cfc8f3862091e2a240a84f17297"
dependencies = [
 "proc-macro2",
 "quote",
 "unicode-ident",
]

[[package]]
name = "syn"
version = "3.0.3"
source = "registry+https://github.com/rust-lang/crates.io-index"
checksum = "53e9bae58849f64dfa4f5d5ae372c8341f7305f82a3868709269343628b659a3"
dependencies = [
 "proc-macro2",
 "quote",
 "unicode-ident",
]

[[package]]
name = "toml"
version = "0.5.6"
source = "registry+https://github.com/rust-lang/crates.io-index"
checksum = "ffc92d160b1eef40665be3a05630d003936a3bc7da7421277846c2613e92c71a"
dependencies = [
 "serde",
]

[[package]]
name = "ucs2"
version = "0.3.3"
source = "registry+https://github.com/rust-lang/crates.io-index"
checksum = "df79298e11f316400c57ec268f3c2c29ac3c4d4777687955cd3d4f3a35ce7eba"
dependencies = [
 "bit_field",
]

[[package]]
name = "uefi"
version = "0.39.0"
source = "registry+https://github.com/rust-lang/crates.io-index"
checksum = "a58ad7512f7c38b58aa536c3839dbb1d5a122d14a7e2245b06ded49edcb7585a"
dependencies = [
 "bitflags 2.13.1",
 "cfg-if",
 "log",
 "ptr_meta",
 "ucs2",
 "uefi-macros",
 "uefi-raw",
 "uguid",
]

[[package]]
name = "uefi-macros"
version = "0.19.0"
source = "registry+https://github.com/rust-lang/crates.io-index"
checksum = "4687412b5ac74d245d5bfb1733ede50c31be19bf8a4b6a967a29b451bab49e67"
dependencies = [
 "proc-macro2",
 "quote",
 "syn 2.0.119",
]

[[package]]
name = "uefi-raw"
version = "0.15.1"
source = "registry+https://github.com/rust-lang/crates.io-index"
checksum = "1a36f49db0b04a8dfd246a26ddf8d2526a2ffd8cf946ae7fe603fd0c5fbd2786"
dependencies = [
 "bitflags 2.13.1",
 "uguid",
]

[[package]]
name = "uguid"
version = "2.2.1"
source = "registry+https://github.com/rust-lang/crates.io-index"
checksum = "0c8352f8c05e47892e7eaf13b34abd76a7f4aeaf817b716e88789381927f199c"

[[package]]
name = "unicode-ident"
version = "1.0.24"
source = "registry+https://github.com/rust-lang/crates.io-index"
checksum = "e6e4313cd5fcd3dad5cafa179702e2b244f760991f45397d14d4ebf38247da75"

[[package]]
name = "usize_conversions"
version = "0.2.0"
source = "registry+https://github.com/rust-lang/crates.io-index"
checksum = "f70329e2cbe45d6c97a5112daad40c34cd9a4e18edb5a2a18fefeb584d8d25e5"

[[package]]
name = "volatile"
version = "0.4.4"
source = "registry+https://github.com/rust-lang/crates.io-index"
checksum = "e4c2dbd44eb8b53973357e6e207e370f0c1059990df850aca1eca8947cf464f0"

[[package]]
name = "x86_64"
version = "0.14.7"
source = "registry+https://github.com/rust-lang/crates.io-index"
checksum = "fb611915c917c6296d11e23f71ff1ecfe49c5766daba92cd3df52df6b58285b6"
dependencies = [
 "bit_field",
 "bitflags 1.2.1",
 "volatile",
]

[[package]]
name = "xmas-elf"
version = "0.6.2"
source = "registry+https://github.com/rust-lang/crates.io-index"
checksum = "22678df5df766e8d1e5d609da69f0c3132d794edf6ab5e75e7abcd2270d4cf58"
dependencies = [
 "zero",
]

[[package]]
name = "zero"
version = "0.1.2"
source = "registry+https://github.com/rust-lang/crates.io-index"
checksum = "5f1bc8a6b2005884962297587045002d8cfb8dcec9db332f4ca216ddc5de82c5"
